
Microsoft Visual Studio Solution File, Format Version 12.00
# Visual Studio Version 17
VisualStudioVersion = 17.0.32014.148
MinimumVisualStudioVersion = 10.0.40219.1
Project("{FAE04EC0-301F-11D3-BF4B-00C04F79EFBC}") = "testSerilogs", "testSerilogs\testSerilogs.csproj", "{373724A9-EB14-483E-BA26-9A62A0E6BBF9}"
EndProject
Global
	GlobalSection(SolutionConfigurationPlatforms) = preSolution
		Debug|Any CPU = Debug|Any CPU
		Release|Any CPU = Release|Any CPU
	EndGlobalSection
	GlobalSection(ProjectConfigurationPlatforms) = postSolution
		{373724A9-EB14-483E-BA26-9A62A0E6BBF9}.Debug|Any CPU.ActiveCfg = Debug|Any CPU
		{373724A9-EB14-483E-BA26-9A62A0E6BBF9}.Debug|Any CPU.Build.0 = Debug|Any CPU
		{373724A9-EB14-483E-BA26-9A62A0E6BBF9}.Release|Any CPU.ActiveCfg = Release|Any CPU
		{373724A9-EB14-483E-BA26-9A62A0E6BBF9}.Release|Any CPU.Build.0 = Release|Any CPU
	EndGlobalSection
	GlobalSection(SolutionProperties) = preSolution
		HideSolutionNode = FALSE
	EndGlobalSection
	GlobalSection(ExtensibilityGlobals) = postSolution
		SolutionGuid = {5A585F43-DED4-4484-9720-98E90FA95015}
	EndGlobalSection
EndGlobal
